
Microsoft Visual Studio Solution File, Format Version 12.00
# Visual Studio Version 18
VisualStudioVersion = 18.1.11304.174 d18.0
MinimumVisualStudioVersion = 10.0.40219.1
Project("{FAE04EC0-301F-11D3-BF4B-00C04F79EFBC}") = "ReportSyncer.Console", "ReportSyncer.Console\ReportSyncer.Console.csproj", "{80B59569-36A4-4875-9BD3-B77D84CCBD38}"
EndProject
Project("{FAE04EC0-301F-11D3-BF4B-00C04F79EFBC}") = "ReportSyncer.Core", "ReportSyncer.Core\ReportSyncer.Core.csproj", "{38389BE1-C732-49B8-B525-13C5615459BF}"
EndProject
Project("{FAE04EC0-301F-11D3-BF4B-00C04F79EFBC}") = "ReportSyncer.WebApi", "ReportSyncer.WebApi\ReportSyncer.WebApi.csproj", "{292E8966-AB86-40A0-BD5D-98D6C8A90B75}"
EndProject
Project("{2150E333-8FDC-42A3-9474-1A3956D46DE8}") = "Tools", "Tools", "{02EA681E-C7D8-13C7-8484-4AC65E1B71E8}"
EndProject
Project("{FAE04EC0-301F-11D3-BF4B-00C04F79EFBC}") = "DotNetToolkit.Database", "..\DotNetToolkit\DotNetToolkit.Database\DotNetToolkit.Database.csproj", "{8468D388-AEA2-39FC-676D-3EAA2AB40330}"
EndProject
Project("{FAE04EC0-301F-11D3-BF4B-00C04F79EFBC}") = "DotNetToolkit.Logging", "..\DotNetToolkit\DotNetToolkit.Logging\DotNetToolkit.Logging.csproj", "{A9555FD3-856B-F153-63A6-CF49EAF21D95}"
EndProject
Project("{FAE04EC0-301F-11D3-BF4B-00C04F79EFBC}") = "ReportSyncer.Core.Tests", "Tests\ReportSyncer.Core.Tests\ReportSyncer.Core.Tests.csproj", "{021971B3-A02E-49AE-BF35-2CEEFB0E4161}"
EndProject
Project("{2150E333-8FDC-42A3-9474-1A3956D46DE8}") = "Tests", "Tests", "{81032739-219D-457C-8C6B-4342748C3BE8}"
EndProject
Project("{2150E333-8FDC-42A3-9474-1A3956D46DE8}") = "Docs", "Docs", "{57015F2C-FCB8-43CF-AD46-26F7CAB6A8AA}"
	ProjectSection(SolutionItems) = preProject
		docs\10_Product Requirements Document.Instruction.md = docs\10_Product Requirements Document.Instruction.md
		docs\20_ReportSyncer Backend Architecture.instruction.md = docs\20_ReportSyncer Backend Architecture.instruction.md
		docs\30_ReportSyncer Backend Detail Arch.md = docs\30_ReportSyncer Backend Detail Arch.md
		docs\40_Backend Implementation Plan.md = docs\40_Backend Implementation Plan.md
		docs\60_Console Host Spec.md = docs\60_Console Host Spec.md
		docs\61_Console Implementation Plan.md = docs\61_Console Implementation Plan.md
	EndProjectSection
EndProject
Project("{2150E333-8FDC-42A3-9474-1A3956D46DE8}") = "ImplementationSteps", "ImplementationSteps", "{D64BDB7D-6AB4-4AA7-98F4-F9C52EE02D35}"
EndProject
Global
	GlobalSection(SolutionConfigurationPlatforms) = preSolution
		Debug|Any CPU = Debug|Any CPU
		Release|Any CPU = Release|Any CPU
	EndGlobalSection
	GlobalSection(ProjectConfigurationPlatforms) = postSolution
		{80B59569-36A4-4875-9BD3-B77D84CCBD38}.Debug|Any CPU.ActiveCfg = Debug|Any CPU
		{80B59569-36A4-4875-9BD3-B77D84CCBD38}.Debug|Any CPU.Build.0 = Debug|Any CPU
		{80B59569-36A4-4875-9BD3-B77D84CCBD38}.Release|Any CPU.ActiveCfg = Release|Any CPU
		{80B59569-36A4-4875-9BD3-B77D84CCBD38}.Release|Any CPU.Build.0 = Release|Any CPU
		{38389BE1-C732-49B8-B525-13C5615459BF}.Debug|Any CPU.ActiveCfg = Debug|Any CPU
		{38389BE1-C732-49B8-B525-13C5615459BF}.Debug|Any CPU.Build.0 = Debug|Any CPU
		{38389BE1-C732-49B8-B525-13C5615459BF}.Release|Any CPU.ActiveCfg = Release|Any CPU
		{38389BE1-C732-49B8-B525-13C5615459BF}.Release|Any CPU.Build.0 = Release|Any CPU
		{292E8966-AB86-40A0-BD5D-98D6C8A90B75}.Debug|Any CPU.ActiveCfg = Debug|Any CPU
		{292E8966-AB86-40A0-BD5D-98D6C8A90B75}.Debug|Any CPU.Build.0 = Debug|Any CPU
		{292E8966-AB86-40A0-BD5D-98D6C8A90B75}.Release|Any CPU.ActiveCfg = Release|Any CPU
		{292E8966-AB86-40A0-BD5D-98D6C8A90B75}.Release|Any CPU.Build.0 = Release|Any CPU
		{8468D388-AEA2-39FC-676D-3EAA2AB40330}.Debug|Any CPU.ActiveCfg = Debug|Any CPU
		{8468D388-AEA2-39FC-676D-3EAA2AB40330}.Debug|Any CPU.Build.0 = Debug|Any CPU
		{8468D388-AEA2-39FC-676D-3EAA2AB40330}.Release|Any CPU.ActiveCfg = Release|Any CPU
		{8468D388-AEA2-39FC-676D-3EAA2AB40330}.Release|Any CPU.Build.0 = Release|Any CPU
		{A9555FD3-856B-F153-63A6-CF49EAF21D95}.Debug|Any CPU.ActiveCfg = Debug|Any CPU
		{A9555FD3-856B-F153-63A6-CF49EAF21D95}.Debug|Any CPU.Build.0 = Debug|Any CPU
		{A9555FD3-856B-F153-63A6-CF49EAF21D95}.Release|Any CPU.ActiveCfg = Release|Any CPU
		{A9555FD3-856B-F153-63A6-CF49EAF21D95}.Release|Any CPU.Build.0 = Release|Any CPU
		{021971B3-A02E-49AE-BF35-2CEEFB0E4161}.Debug|Any CPU.ActiveCfg = Debug|Any CPU
		{021971B3-A02E-49AE-BF35-2CEEFB0E4161}.Debug|Any CPU.Build.0 = Debug|Any CPU
		{021971B3-A02E-49AE-BF35-2CEEFB0E4161}.Release|Any CPU.ActiveCfg = Release|Any CPU
		{021971B3-A02E-49AE-BF35-2CEEFB0E4161}.Release|Any CPU.Build.0 = Release|Any CPU
	EndGlobalSection
	GlobalSection(SolutionProperties) = preSolution
		HideSolutionNode = FALSE
	EndGlobalSection
	GlobalSection(NestedProjects) = preSolution
		{8468D388-AEA2-39FC-676D-3EAA2AB40330} = {02EA681E-C7D8-13C7-8484-4AC65E1B71E8}
		{A9555FD3-856B-F153-63A6-CF49EAF21D95} = {02EA681E-C7D8-13C7-8484-4AC65E1B71E8}
		{021971B3-A02E-49AE-BF35-2CEEFB0E4161} = {81032739-219D-457C-8C6B-4342748C3BE8}
		{D64BDB7D-6AB4-4AA7-98F4-F9C52EE02D35} = {57015F2C-FCB8-43CF-AD46-26F7CAB6A8AA}
	EndGlobalSection
	GlobalSection(ExtensibilityGlobals) = postSolution
		SolutionGuid = {196A4772-4BA1-4A45-8171-E759B2EC642D}
	EndGlobalSection
EndGlobal
